# THIS IS AN AUTOGENERATED FILE. DO NOT EDIT THIS FILE DIRECTLY.
# yarn lockfile v1


"@fontsource/fira-mono@^4.2.2":
  version "4.5.0"
  resolved "https://registry.npmjs.org/@fontsource/fira-mono/-/fira-mono-4.5.0.tgz"
  integrity sha512-KE+d3wmgq/YKM0BqgUF7p2yeBNi805Nfof1lC1wJ7E9i2EWoC363sGdKG+MQBVm+ei3GYZu+Bo8Xha1w1pkB7g==

"@lukeed/csprng@^1.0.0":
  version "1.0.0"
  resolved "https://registry.npmjs.org/@lukeed/csprng/-/csprng-1.0.0.tgz"
  integrity sha512-ruuGHsnabmObBdeMg3vKdGRmh06Oog3eFpf/Tk6X0kDSJDpJTDCj2dqdp1+0VjzIUgHlFF9GBm7uFqfYhhdX9g==

"@lukeed/uuid@^2.0.0":
  version "2.0.0"
  resolved "https://registry.npmjs.org/@lukeed/uuid/-/uuid-2.0.0.tgz"
  integrity sha512-dUz8OmYvlY5A9wXaroHIMSPASpSYRLCqbPvxGSyHguhtTQIy24lC+EGxQlwv71AhRCO55WOtgwhzQLpw27JaJQ==
  dependencies:
    "@lukeed/csprng" "^1.0.0"

"@sentry/browser@^6.17.9":
  version "6.17.9"
  resolved "https://registry.npmjs.org/@sentry/browser/-/browser-6.17.9.tgz"
  integrity sha512-RsC8GBZmZ3YfBTaIOJ06RlFp5zG7BkUoquNJmf4YhRUZeihT9osrn8qUYGFWSV/UduwKUIlSGJA/rATWWhwPRQ==
  dependencies:
    "@sentry/core" "6.17.9"
    "@sentry/types" "6.17.9"
    "@sentry/utils" "6.17.9"
    tslib "^1.9.3"

"@sentry/core@6.17.9":
  version "6.17.9"
  resolved "https://registry.npmjs.org/@sentry/core/-/core-6.17.9.tgz"
  integrity sha512-14KalmTholGUtgdh9TklO+jUpyQ/D3OGkhlH1rnGQGoJgFy2eYm+s+MnUEMxFdGIUCz5kOteuNqYZxaDmFagpQ==
  dependencies:
    "@sentry/hub" "6.17.9"
    "@sentry/minimal" "6.17.9"
    "@sentry/types" "6.17.9"
    "@sentry/utils" "6.17.9"
    tslib "^1.9.3"

"@sentry/hub@6.17.9":
  version "6.17.9"
  resolved "https://registry.npmjs.org/@sentry/hub/-/hub-6.17.9.tgz"
  integrity sha512-34EdrweWDbBV9EzEFIXcO+JeoyQmKzQVJxpTKZoJA6PUwf2NrndaUdjlkDEtBEzjuLUTxhLxtOzEsYs1O6RVcg==
  dependencies:
    "@sentry/types" "6.17.9"
    "@sentry/utils" "6.17.9"
    tslib "^1.9.3"

"@sentry/minimal@6.17.9":
  version "6.17.9"
  resolved "https://registry.npmjs.org/@sentry/minimal/-/minimal-6.17.9.tgz"
  integrity sha512-T3PMCHcKk6lkZq6zKgANrYJJxXBXKOe+ousV1Fas1rVBMv7dtKfsa4itqQHszcW9shusPDiaQKIJ4zRLE5LKmg==
  dependencies:
    "@sentry/hub" "6.17.9"
    "@sentry/types" "6.17.9"
    tslib "^1.9.3"

"@sentry/tracing@^6.17.9":
  version "6.17.9"
  resolved "https://registry.npmjs.org/@sentry/tracing/-/tracing-6.17.9.tgz"
  integrity sha512-5Rb/OS4ryNJLvz2nv6wyjwhifjy6veqaF9ffLrwFYij/WDy7m62ASBblxgeiI3fbPLX0aBRFWIJAq1vko26+AQ==
  dependencies:
    "@sentry/hub" "6.17.9"
    "@sentry/minimal" "6.17.9"
    "@sentry/types" "6.17.9"
    "@sentry/utils" "6.17.9"
    tslib "^1.9.3"

"@sentry/types@6.17.9":
  version "6.17.9"
  resolved "https://registry.npmjs.org/@sentry/types/-/types-6.17.9.tgz"
  integrity sha512-xuulX6qUCL14ayEOh/h6FUIvZtsi1Bx34dSOaWDrjXUOJHJAM7214uiqW1GZxPJ13YuaUIubjTSfDmSQ9CBzTw==

"@sentry/utils@6.17.9":
  version "6.17.9"
  resolved "https://registry.npmjs.org/@sentry/utils/-/utils-6.17.9.tgz"
  integrity sha512-4eo9Z3JlJCGlGrQRbtZWL+L9NnlUXgTbfK3Lk7oO8D1ev8R5b5+iE6tZHTvU5rQRcq6zu+POT+tK5u9oxc/rnQ==
  dependencies:
    "@sentry/types" "6.17.9"
    tslib "^1.9.3"

buffer-equal-constant-time@1.0.1:
  version "1.0.1"
  resolved "https://registry.npmjs.org/buffer-equal-constant-time/-/buffer-equal-constant-time-1.0.1.tgz"
  integrity sha1-+OcRMvf/5uAaXJaXpMbz5I1cyBk= sha512-zRpUiDwd/xk6ADqPMATG8vc9VPrkck7T07OIx0gnjmJAnHnTVXNQG3vfvWNuiZIkwu9KrKdA1iJKfsfTVxE6NA==

cookie@^0.4.1:
  version "0.4.1"
  resolved "https://registry.npmjs.org/cookie/-/cookie-0.4.1.tgz"
  integrity sha512-ZwrFkGJxUR3EIoXtO+yVE69Eb7KlixbaeAWfBQB9vVsNn/o+Yw69gBWSSDK825hQNdN+wF8zELf3dFNl/kxkUA==

ecdsa-sig-formatter@1.0.11:
  version "1.0.11"
  resolved "https://registry.npmjs.org/ecdsa-sig-formatter/-/ecdsa-sig-formatter-1.0.11.tgz"
  integrity sha512-nagl3RYrbNv6kQkeJIpt6NJZy8twLB/2vtz6yN9Z4vRKHN4/QZJIEbqohALSgwKdnksuY3k5Addp5lg8sVoVcQ==
  dependencies:
    safe-buffer "^5.0.1"

jsonwebtoken@^8.5.1:
  version "8.5.1"
  resolved "https://registry.npmjs.org/jsonwebtoken/-/jsonwebtoken-8.5.1.tgz"
  integrity sha512-XjwVfRS6jTMsqYs0EsuJ4LGxXV14zQybNd4L2r0UvbVnSF9Af8x7p5MzbJ90Ioz/9TI41/hTCvznF/loiSzn8w==
  dependencies:
    jws "^3.2.2"
    lodash.includes "^4.3.0"
    lodash.isboolean "^3.0.3"
    lodash.isinteger "^4.0.4"
    lodash.isnumber "^3.0.3"
    lodash.isplainobject "^4.0.6"
    lodash.isstring "^4.0.1"
    lodash.once "^4.0.0"
    ms "^2.1.1"
    semver "^5.6.0"

jwa@^1.4.1:
  version "1.4.1"
  resolved "https://registry.npmjs.org/jwa/-/jwa-1.4.1.tgz"
  integrity sha512-qiLX/xhEEFKUAJ6FiBMbes3w9ATzyk5W7Hvzpa/SLYdxNtng+gcurvrI7TbACjIXlsJyr05/S1oUhZrc63evQA==
  dependencies:
    buffer-equal-constant-time "1.0.1"
    ecdsa-sig-formatter "1.0.11"
    safe-buffer "^5.0.1"

jws@^3.2.2:
  version "3.2.2"
  resolved "https://registry.npmjs.org/jws/-/jws-3.2.2.tgz"
  integrity sha512-YHlZCB6lMTllWDtSPHz/ZXTsi8S00usEV6v1tjq8tOUZzw7DpSDWVXjXDre6ed1w/pd495ODpHZYSdkRTsa0HA==
  dependencies:
    jwa "^1.4.1"
    safe-buffer "^5.0.1"

lodash.includes@^4.3.0:
  version "4.3.0"
  resolved "https://registry.npmjs.org/lodash.includes/-/lodash.includes-4.3.0.tgz"
  integrity sha1-YLuYqHy5I8aMoeUTJUgzFISfVT8= sha512-W3Bx6mdkRTGtlJISOvVD/lbqjTlPPUDTMnlXZFnVwi9NKJ6tiAk6LVdlhZMm17VZisqhKcgzpO5Wz91PCt5b0w==

lodash.isboolean@^3.0.3:
  version "3.0.3"
  resolved "https://registry.npmjs.org/lodash.isboolean/-/lodash.isboolean-3.0.3.tgz"
  integrity sha1-bC4XHbKiV82WgC/UOwGyDV9YcPY= sha512-Bz5mupy2SVbPHURB98VAcw+aHh4vRV5IPNhILUCsOzRmsTmSQ17jIuqopAentWoehktxGd9e/hbIXq980/1QJg==

lodash.isinteger@^4.0.4:
  version "4.0.4"
  resolved "https://registry.npmjs.org/lodash.isinteger/-/lodash.isinteger-4.0.4.tgz"
  integrity sha1-YZwK89A/iwTDH1iChAt3sRzWg0M= sha512-DBwtEWN2caHQ9/imiNeEA5ys1JoRtRfY3d7V9wkqtbycnAmTvRRmbHKDV4a0EYc678/dia0jrte4tjYwVBaZUA==

lodash.isnumber@^3.0.3:
  version "3.0.3"
  resolved "https://registry.npmjs.org/lodash.isnumber/-/lodash.isnumber-3.0.3.tgz"
  integrity sha1-POdoEMWSjQM1IwGsKHMX8RwLH/w= sha512-QYqzpfwO3/CWf3XP+Z+tkQsfaLL/EnUlXWVkIk5FUPc4sBdTehEqZONuyRt2P67PXAk+NXmTBcc97zw9t1FQrw==

lodash.isplainobject@^4.0.6:
  version "4.0.6"
  resolved "https://registry.npmjs.org/lodash.isplainobject/-/lodash.isplainobject-4.0.6.tgz"
  integrity sha1-fFJqUtibRcRcxpC4gWO+BJf1UMs= sha512-oSXzaWypCMHkPC3NvBEaPHf0KsA5mvPrOPgQWDsbg8n7orZ290M0BmC/jgRZ4vcJ6DTAhjrsSYgdsW/F+MFOBA==

lodash.isstring@^4.0.1:
  version "4.0.1"
  resolved "https://registry.npmjs.org/lodash.isstring/-/lodash.isstring-4.0.1.tgz"
  integrity sha1-1SfftUVuynzJu5XV2ur4i6VKVFE= sha512-0wJxfxH1wgO3GrbuP+dTTk7op+6L41QCXbGINEmD+ny/G/eCqGzxyCsh7159S+mgDDcoarnBw6PC1PS5+wUGgw==

lodash.once@^4.0.0:
  version "4.1.1"
  resolved "https://registry.npmjs.org/lodash.once/-/lodash.once-4.1.1.tgz"
  integrity sha1-DdOXEhPHxW34gJd9UEyI+0cal6w= sha512-Sb487aTOCr9drQVL8pIxOzVhafOjZN9UU54hiN8PU3uAiSV7lx1yYNpbNmex2PK6dSJoNTSJUUswT651yww3Mg==

ms@^2.1.1:
  version "2.1.2"
  resolved "https://registry.npmjs.org/ms/-/ms-2.1.2.tgz"
  integrity sha512-sGkPx+VjMtmA6MX27oA4FBFELFCZZ4S4XqeGOXCv68tT+jb3vk/RyaKWP0PTKyWtmLSM0b+adUTEvbs1PEaH2w==

safe-buffer@^5.0.1:
  version "5.2.1"
  resolved "https://registry.npmjs.org/safe-buffer/-/safe-buffer-5.2.1.tgz"
  integrity sha512-rp3So07KcdmmKbGvgaNxQSJr7bGVSVk5S9Eq1F+ppbRo70+YeaDxkw5Dd8NPN+GD6bjnYm2VuPuCXmpuYvmCXQ==

semver@^5.6.0:
  version "5.7.1"
  resolved "https://registry.npmjs.org/semver/-/semver-5.7.1.tgz"
  integrity sha512-sauaDf/PZdVgrLTNYHRtpXa1iRiKcaebiKQ1BJdpQlWH2lCvexQdX55snPFyK7QzpudqbCI0qXFfOasHdyNDGQ==

tslib@^1.9.3:
  version "1.14.1"
  resolved "https://registry.npmjs.org/tslib/-/tslib-1.14.1.tgz"
  integrity sha512-Xni35NKzjgMrwevysHTCArtLDpPvye8zV/0E4EyYn43P7/7qvQwPh9BGkHewbMulVntbigmcT7rdX3BNo9wRJg==
